
Microsoft Visual Studio Solution File, Format Version 12.00
# Visual Studio Version 17
VisualStudioVersion = 17.6.33712.159
MinimumVisualStudioVersion = 10.0.40219.1
Project("{FAE04EC0-301F-11D3-BF4B-00C04F79EFBC}") = "MyPluginsArentCheat", "MyPluginsArentCheat\MyPluginsArentCheat.csproj", "{F0D76E31-5988-4DD4-8A5D-BE8645E39A80}"
EndProject
Global
	GlobalSection(SolutionConfigurationPlatforms) = preSolution
		Debug|x64 = Debug|x64
		Release|x64 = Release|x64
	EndGlobalSection
	GlobalSection(ProjectConfigurationPlatforms) = postSolution
		{F0D76E31-5988-4DD4-8A5D-BE8645E39A80}.Debug|x64.ActiveCfg = Debug|x64
		{F0D76E31-5988-4DD4-8A5D-BE8645E39A80}.Debug|x64.Build.0 = Debug|x64
		{F0D76E31-5988-4DD4-8A5D-BE8645E39A80}.Release|x64.ActiveCfg = Release|x64
		{F0D76E31-5988-4DD4-8A5D-BE8645E39A80}.Release|x64.Build.0 = Release|x64
	EndGlobalSection
	GlobalSection(SolutionProperties) = preSolution
		HideSolutionNode = FALSE
	EndGlobalSection
	GlobalSection(ExtensibilityGlobals) = postSolution
		SolutionGuid = {73F7945E-FA29-4959-AADE-390D609E7EFE}
	EndGlobalSection
EndGlobal
